{
  "name": "nemo-codex-sidecar",
  "lockfileVersion": 3,
  "requires": true,
  "packages": {
    "": {
      "name": "nemo-codex-sidecar",
      "dependencies": {
        "@openai/codex": "0.131.0",
        "@openai/codex-sdk": "0.131.0"
      }
    },
    "node_modules/@openai/codex": {
      "version": "0.131.0",
      "resolved": "https://registry.npmjs.org/@openai/codex/-/codex-0.131.0.tgz",
      "integrity": "sha512-5/fNFAotnPaNSX1jGAAGgWk65HGZupWPnka+DzXdoNzl78RGw0eGpOjpowF+dtPRTEvdwt0U8qoptUjtefitBQ==",
      "license": "Apache-2.0",
      "bin": {
        "codex": "bin/codex.js"
      },
      "engines": {
        "node": ">=16"
      },
      "optionalDependencies": {
        "@openai/codex-darwin-arm64": "npm:@openai/codex@0.131.0-darwin-arm64",
        "@openai/codex-darwin-x64": "npm:@openai/codex@0.131.0-darwin-x64",
        "@openai/codex-linux-arm64": "npm:@openai/codex@0.131.0-linux-arm64",
        "@openai/codex-linux-x64": "npm:@openai/codex@0.131.0-linux-x64",
        "@openai/codex-win32-arm64": "npm:@openai/codex@0.131.0-win32-arm64",
        "@openai/codex-win32-x64": "npm:@openai/codex@0.131.0-win32-x64"
      }
    },
    "node_modules/@openai/codex-darwin-arm64": {
      "name": "@openai/codex",
      "version": "0.131.0-darwin-arm64",
      "resolved": "https://registry.npmjs.org/@openai/codex/-/codex-0.131.0-darwin-arm64.tgz",
      "integrity": "sha512-e4EZ7XjK1zrkW65nZdhCqQFVKd/zt/of26w4L32wcfibzKE15/Lw2i3FGTD9ufUUqVzF+gowu/lEiBRvDoh21w==",
      "cpu": [
        "arm64"
      ],
      "license": "Apache-2.0",
      "optional": true,
      "os": [
        "darwin"
      ],
      "engines": {
        "node": ">=16"
      }
    },
    "node_modules/@openai/codex-darwin-x64": {
      "name": "@openai/codex",
      "version": "0.131.0-darwin-x64",
      "resolved": "https://registry.npmjs.org/@openai/codex/-/codex-0.131.0-darwin-x64.tgz",
      "integrity": "sha512-BkFwUVU+yJhw5a85p1oagiSjkRvBs9Xp1b1q1Qbvg4Y9Chtatj4SjI7HRjH5uespNs/Wnh48cMnTsxkAILqlBw==",
      "cpu": [
        "x64"
      ],
      "license": "Apache-2.0",
      "optional": true,
      "os": [
        "darwin"
      ],
      "engines": {
        "node": ">=16"
      }
    },
    "node_modules/@openai/codex-linux-arm64": {
      "name": "@openai/codex",
      "version": "0.131.0-linux-arm64",
      "resolved": "https://registry.npmjs.org/@openai/codex/-/codex-0.131.0-linux-arm64.tgz",
      "integrity": "sha512-I12Ou5I5oR/nfUyMJ/D95OMm83HoXMBHdl+4YrPay/XGd9KkyMhvZxp9Es/h9x/xt8yiBIk+k0Ehtr093r8AFw==",
      "cpu": [
        "arm64"
      ],
      "license": "Apache-2.0",
      "optional": true,
      "os": [
        "linux"
      ],
      "engines": {
        "node": ">=16"
      }
    },
    "node_modules/@openai/codex-linux-x64": {
      "name": "@openai/codex",
      "version": "0.131.0-linux-x64",
      "resolved": "https://registry.npmjs.org/@openai/codex/-/codex-0.131.0-linux-x64.tgz",
      "integrity": "sha512-Fj9P7h3iBgjAQKzoEyUkb1Q8QMVLqaf62UzlL1jYeDhIzbDMI/gaV0tOackIGXPcfguzzORJC1g5pD9SMWqU5g==",
      "cpu": [
        "x64"
      ],
      "license": "Apache-2.0",
      "optional": true,
      "os": [
        "linux"
      ],
      "engines": {
        "node": ">=16"
      }
    },
    "node_modules/@openai/codex-sdk": {
      "version": "0.131.0",
      "resolved": "https://registry.npmjs.org/@openai/codex-sdk/-/codex-sdk-0.131.0.tgz",
      "integrity": "sha512-fSIJKPGkxVsKu5TsU9pcCvGfYxiPLtfuJOkuk9VIqeZHQwlhVByZ8MVTiBhsd4mr5hxgyeyPSiofUONULdaPWQ==",
      "license": "Apache-2.0",
      "dependencies": {
        "@openai/codex": "0.131.0"
      },
      "engines": {
        "node": ">=18"
      }
    },
    "node_modules/@openai/codex-win32-arm64": {
      "name": "@openai/codex",
      "version": "0.131.0-win32-arm64",
      "resolved": "https://registry.npmjs.org/@openai/codex/-/codex-0.131.0-win32-arm64.tgz",
      "integrity": "sha512-aGXsk8GYNFCjHYH61mVG0PulheBq6ZxZWM2BLYAJabzGarzRQpPknc60mx8mSm93BebjPkX0Wpf+0qInBPbF0w==",
      "cpu": [
        "arm64"
      ],
      "license": "Apache-2.0",
      "optional": true,
      "os": [
        "win32"
      ],
      "engines": {
        "node": ">=16"
      }
    },
    "node_modules/@openai/codex-win32-x64": {
      "name": "@openai/codex",
      "version": "0.131.0-win32-x64",
      "resolved": "https://registry.npmjs.org/@openai/codex/-/codex-0.131.0-win32-x64.tgz",
      "integrity": "sha512-RlIRs0hi6xIaBXWFhiPTPlz+Dfibc3pXrnVXjJtpbeYcNyBOO+SIMMVuQUswpz3RnJpsxA70dQA+05hKYraKhA==",
      "cpu": [
        "x64"
      ],
      "license": "Apache-2.0",
      "optional": true,
      "os": [
        "win32"
      ],
      "engines": {
        "node": ">=16"
      }
    }
  }
}
